// !$*UTF8*$!
{
	archiveVersion = 1;
	classes = {
	};
	objectVersion = 48;
	objects = {

/* Begin PBXBuildFile section */
		8147E2C621E4E62600A7FF82 /* AppDelegate.m in Sources */ = {isa = PBXBuildFile; fileRef = 8147E2C521E4E62600A7FF82 /* AppDelegate.m */; };
		8147E2C921E4E62600A7FF82 /* ViewController.m in Sources */ = {isa = PBXBuildFile; fileRef = 8147E2C821E4E62600A7FF82 /* ViewController.m */; };
		8147E2CC21E4E62600A7FF82 /* Main.storyboard in Resources */ = {isa = PBXBuildFile; fileRef = 8147E2CA21E4E62600A7FF82 /* Main.storyboard */; };
		8147E2CE21E4E62600A7FF82 /* Assets.xcassets in Resources */ = {isa = PBXBuildFile; fileRef = 8147E2CD21E4E62600A7FF82 /* Assets.xcassets */; };
		8147E2D121E4E62600A7FF82 /* LaunchScreen.storyboard in Resources */ = {isa = PBXBuildFile; fileRef = 8147E2CF21E4E62600A7FF82 /* LaunchScreen.storyboard */; };
		8147E2D421E4E62600A7FF82 /* main.m in Sources */ = {isa = PBXBuildFile; fileRef = 8147E2D321E4E62600A7FF82 /* main.m */; };
		8147E2DE21E4E62600A7FF82 /* LearnViewTests.m in Sources */ = {isa = PBXBuildFile; fileRef = 8147E2DD21E4E62600A7FF82 /* LearnViewTests.m */; };
		8147E2E921E4E62600A7FF82 /* LearnViewUITests.m in Sources */ = {isa = PBXBuildFile; fileRef = 8147E2E821E4E62600A7FF82 /* LearnViewUITests.m */; };
/* End PBXBuildFile section */

/* Begin PBXContainerItemProxy section */
		8147E2DA21E4E62600A7FF82 /* PBXContainerItemProxy */ = {
			isa = PBXContainerItemProxy;
			containerPortal = 8147E2B921E4E62600A7FF82 /* Project object */;
			proxyType = 1;
			remoteGlobalIDString = 8147E2C021E4E62600A7FF82;
			remoteInfo = LearnView;
		};
		8147E2E521E4E62600A7FF82 /* PBXContainerItemProxy */ = {
			isa = PBXContainerItemProxy;
			containerPortal = 8147E2B921E4E62600A7FF82 /* Project object */;
			proxyType = 1;
			remoteGlobalIDString = 8147E2C021E4E62600A7FF82;
			remoteInfo = LearnView;
		};
/* End PBXContainerItemProxy section */

/* Begin PBXFileReference section */
		8147E2C121E4E62600A7FF82 /* LearnView.app */ = {isa = PBXFileReference; explicitFileType = wrapper.application; includeInIndex = 0; path = LearnView.app; sourceTree = BUILT_PRODUCTS_DIR; };
		8147E2C421E4E62600A7FF82 /* AppDelegate.h */ = {isa = PBXFileReference; lastKnownFileType = sourcecode.c.h; path = AppDelegate.h; sourceTree = "<group>"; };
		8147E2C521E4E62600A7FF82 /* AppDelegate.m */ = {isa = PBXFileReference; lastKnownFileType = sourcecode.c.objc; path = AppDelegate.m; sourceTree = "<group>"; };
		8147E2C721E4E62600A7FF82 /* ViewController.h */ = {isa = PBXFileReference; lastKnownFileType = sourcecode.c.h; path = ViewController.h; sourceTree = "<group>"; };
		8147E2C821E4E62600A7FF82 /* ViewController.m */ = {isa = PBXFileReference; lastKnownFileType = sourcecode.c.objc; path = ViewController.m; sourceTree = "<group>"; };
		8147E2CB21E4E62600A7FF82 /* Base */ = {isa = PBXFileReference; lastKnownFileType = file.storyboard; name = Base; path = Base.lproj/Main.storyboard; sourceTree = "<group>"; };
		8147E2CD21E4E62600A7FF82 /* Assets.xcassets */ = {isa = PBXFileReference; lastKnownFileType = folder.assetcatalog; path = Assets.xcassets; sourceTree = "<group>"; };
		8147E2D021E4E62600A7FF82 /* Base */ = {isa = PBXFileReference; lastKnownFileType = file.storyboard; name = Base; path = Base.lproj/LaunchScreen.storyboard; sourceTree = "<group>"; };
		8147E2D221E4E62600A7FF82 /* Info.plist */ = {isa = PBXFileReference; lastKnownFileType = text.plist.xml; path = Info.plist; sourceTree = "<group>"; };
		8147E2D321E4E62600A7FF82 /* main.m */ = {isa = PBXFileReference; lastKnownFileType = sourcecode.c.objc; path = main.m; sourceTree = "<group>"; };
		8147E2D921E4E62600A7FF82 /* LearnViewTests.xctest */ = {isa = PBXFileReference; explicitFileType = wrapper.cfbundle; includeInIndex = 0; path = LearnViewTests.xctest; sourceTree = BUILT_PRODUCTS_DIR; };
		8147E2DD21E4E62600A7FF82 /* LearnViewTests.m */ = {isa = PBXFileReference; lastKnownFileType = sourcecode.c.objc; path = LearnViewTests.m; sourceTree = "<group>"; };
		8147E2DF21E4E62600A7FF82 /* Info.plist */ = {isa = PBXFileReference; lastKnownFileType = text.plist.xml; path = Info.plist; sourceTree = "<group>"; };
		8147E2E421E4E62600A7FF82 /* LearnViewUITests.xctest */ = {isa = PBXFileReference; explicitFileType = wrapper.cfbundle; includeInIndex = 0; path = LearnViewUITests.xctest; sourceTree = BUILT_PRODUCTS_DIR; };
		8147E2E821E4E62600A7FF82 /* LearnViewUITests.m */ = {isa = PBXFileReference; lastKnownFileType = sourcecode.c.objc; path = LearnViewUITests.m; sourceTree = "<group>"; };
		8147E2EA21E4E62600A7FF82 /* Info.plist */ = {isa = PBXFileReference; lastKnownFileType = text.plist.xml; path = Info.plist; sourceTree = "<group>"; };
/* End PBXFileReference section */

/* Begin PBXFrameworksBuildPhase section */
		8147E2BE21E4E62600A7FF82 /* Frameworks */ = {
			isa = PBXFrameworksBuildPhase;
			buildActionMask = 2147483647;
			files = (
			);
			runOnlyForDeploymentPostprocessing = 0;
		};
		8147E2D621E4E62600A7FF82 /* Frameworks */ = {
			isa = PBXFrameworksBuildPhase;
			buildActionMask = 2147483647;
			files = (
			);
			runOnlyForDeploymentPostprocessing = 0;
		};
		8147E2E121E4E62600A7FF82 /* Frameworks */ = {
			isa = PBXFrameworksBuildPhase;
			buildActionMask = 2147483647;
			files = (
			);
			runOnlyForDeploymentPostprocessing = 0;
		};
/* End PBXFrameworksBuildPhase section */

/* Begin PBXGroup section */
		8147E2B821E4E62600A7FF82 = {
			isa = PBXGroup;
			children = (
				8147E2C321E4E62600A7FF82 /* LearnView */,
				8147E2DC21E4E62600A7FF82 /* LearnViewTests */,
				8147E2E721E4E62600A7FF82 /* LearnViewUITests */,
				8147E2C221E4E62600A7FF82 /* Products */,
			);
			sourceTree = "<group>";
		};
		8147E2C221E4E62600A7FF82 /* Products */ = {
			isa = PBXGroup;
			children = (
				8147E2C121E4E62600A7FF82 /* LearnView.app */,
				8147E2D921E4E62600A7FF82 /* LearnViewTests.xctest */,
				8147E2E421E4E62600A7FF82 /* LearnViewUITests.xctest */,
			);
			name = Products;
			sourceTree = "<group>";
		};
		8147E2C321E4E62600A7FF82 /* LearnView */ = {
			isa = PBXGroup;
			children = (
				8147E2C421E4E62600A7FF82 /* AppDelegate.h */,
				8147E2C521E4E62600A7FF82 /* AppDelegate.m */,
				8147E2C721E4E62600A7FF82 /* ViewController.h */,
				8147E2C821E4E62600A7FF82 /* ViewController.m */,
				8147E2CA21E4E62600A7FF82 /* Main.storyboard */,
				8147E2CD21E4E62600A7FF82 /* Assets.xcassets */,
				8147E2CF21E4E62600A7FF82 /* LaunchScreen.storyboard */,
				8147E2D221E4E62600A7FF82 /* Info.plist */,
				8147E2D321E4E62600A7FF82 /* main.m */,
			);
			path = LearnView;
			sourceTree = "<group>";
		};
		8147E2DC21E4E62600A7FF82 /* LearnViewTests */ = {
			isa = PBXGroup;
			children = (
				8147E2DD21E4E62600A7FF82 /* LearnViewTests.m */,
				8147E2DF21E4E62600A7FF82 /* Info.plist */,
			);
			path = LearnViewTests;
			sourceTree = "<group>";
		};
		8147E2E721E4E62600A7FF82 /* LearnViewUITests */ = {
			isa = PBXGroup;
			children = (
				8147E2E821E4E62600A7FF82 /* LearnViewUITests.m */,
				8147E2EA21E4E62600A7FF82 /* Info.plist */,
			);
			path = LearnViewUITests;
			sourceTree = "<group>";
		};
/* End PBXGroup section */

/* Begin PBXNativeTarget section */
		8147E2C021E4E62600A7FF82 /* LearnView */ = {
			isa = PBXNativeTarget;
			buildConfigurationList = 8147E2ED21E4E62600A7FF82 /* Build configuration list for PBXNativeTarget "LearnView" */;
			buildPhases = (
				8147E2BD21E4E62600A7FF82 /* Sources */,
				8147E2BE21E4E62600A7FF82 /* Frameworks */,
				8147E2BF21E4E62600A7FF82 /* Resources */,
			);
			buildRules = (
			);
			dependencies = (
			);
			name = LearnView;
			productName = LearnView;
			productReference = 8147E2C121E4E62600A7FF82 /* LearnView.app */;
			productType = "com.apple.product-type.application";
		};
		8147E2D821E4E62600A7FF82 /* LearnViewTests */ = {
			isa = PBXNativeTarget;
			buildConfigurationList = 8147E2F021E4E62600A7FF82 /* Build configuration list for PBXNativeTarget "LearnViewTests" */;
			buildPhases = (
				8147E2D521E4E62600A7FF82 /* Sources */,
				8147E2D621E4E62600A7FF82 /* Frameworks */,
				8147E2D721E4E62600A7FF82 /* Resources */,
			);
			buildRules = (
			);
			dependencies = (
				8147E2DB21E4E62600A7FF82 /* PBXTargetDependency */,
			);
			name = LearnViewTests;
			productName = LearnViewTests;
			productReference = 8147E2D921E4E62600A7FF82 /* LearnViewTests.xctest */;
			productType = "com.apple.product-type.bundle.unit-test";
		};
		8147E2E321E4E62600A7FF82 /* LearnViewUITests */ = {
			isa = PBXNativeTarget;
			buildConfigurationList = 8147E2F321E4E62600A7FF82 /* Build configuration list for PBXNativeTarget "LearnViewUITests" */;
			buildPhases = (
				8147E2E021E4E62600A7FF82 /* Sources */,
				8147E2E121E4E62600A7FF82 /* Frameworks */,
				8147E2E221E4E62600A7FF82 /* Resources */,
			);
			buildRules = (
			);
			dependencies = (
				8147E2E621E4E62600A7FF82 /* PBXTargetDependency */,
			);
			name = LearnViewUITests;
			productName = LearnViewUITests;
			productReference = 8147E2E421E4E62600A7FF82 /* LearnViewUITests.xctest */;
			productType = "com.apple.product-type.bundle.ui-testing";
		};
/* End PBXNativeTarget section */

/* Begin PBXProject section */
		8147E2B921E4E62600A7FF82 /* Project object */ = {
			isa = PBXProject;
			attributes = {
				LastUpgradeCheck = 0920;
				ORGANIZATIONNAME = KN;
				TargetAttributes = {
					8147E2C021E4E62600A7FF82 = {
						CreatedOnToolsVersion = 9.2;
						ProvisioningStyle = Automatic;
					};
					8147E2D821E4E62600A7FF82 = {
						CreatedOnToolsVersion = 9.2;
						ProvisioningStyle = Automatic;
						TestTargetID = 8147E2C021E4E62600A7FF82;
					};
					8147E2E321E4E62600A7FF82 = {
						CreatedOnToolsVersion = 9.2;
						ProvisioningStyle = Automatic;
						TestTargetID = 8147E2C021E4E62600A7FF82;
					};
				};
			};
			buildConfigurationList = 8147E2BC21E4E62600A7FF82 /* Build configuration list for PBXProject "LearnView" */;
			compatibilityVersion = "Xcode 8.0";
			developmentRegion = en;
			hasScannedForEncodings = 0;
			knownRegions = (
				en,
				Base,
			);
			mainGroup = 8147E2B821E4E62600A7FF82;
			productRefGroup = 8147E2C221E4E62600A7FF82 /* Products */;
			projectDirPath = "";
			projectRoot = "";
			targets = (
				8147E2C021E4E62600A7FF82 /* LearnView */,
				8147E2D821E4E62600A7FF82 /* LearnViewTests */,
				8147E2E321E4E62600A7FF82 /* LearnViewUITests */,
			);
		};
/* End PBXProject section */

/* Begin PBXResourcesBuildPhase section */
		8147E2BF21E4E62600A7FF82 /* Resources */ = {
			isa = PBXResourcesBuildPhase;
			buildActionMask = 2147483647;
			files = (
				8147E2D121E4E62600A7FF82 /* LaunchScreen.storyboard in Resources */,
				8147E2CE21E4E62600A7FF82 /* Assets.xcassets in Resources */,
				8147E2CC21E4E62600A7FF82 /* Main.storyboard in Resources */,
			);
			runOnlyForDeploymentPostprocessing = 0;
		};
		8147E2D721E4E62600A7FF82 /* Resources */ = {
			isa = PBXResourcesBuildPhase;
			buildActionMask = 2147483647;
			files = (
			);
			runOnlyForDeploymentPostprocessing = 0;
		};
		8147E2E221E4E62600A7FF82 /* Resources */ = {
			isa = PBXResourcesBuildPhase;
			buildActionMask = 2147483647;
			files = (
			);
			runOnlyForDeploymentPostprocessing = 0;
		};
/* End PBXResourcesBuildPhase section */

/* Begin PBXSourcesBuildPhase section */
		8147E2BD21E4E62600A7FF82 /* Sources */ = {
			isa = PBXSourcesBuildPhase;
			buildActionMask = 2147483647;
			files = (
				8147E2C921E4E62600A7FF82 /* ViewController.m in Sources */,
				8147E2D421E4E62600A7FF82 /* main.m in Sources */,
				8147E2C621E4E62600A7FF82 /* AppDelegate.m in Sources */,
			);
			runOnlyForDeploymentPostprocessing = 0;
		};
		8147E2D521E4E62600A7FF82 /* Sources */ = {
			isa = PBXSourcesBuildPhase;
			buildActionMask = 2147483647;
			files = (
				8147E2DE21E4E62600A7FF82 /* LearnViewTests.m in Sources */,
			);
			runOnlyForDeploymentPostprocessing = 0;
		};
		8147E2E021E4E62600A7FF82 /* Sources */ = {
			isa = PBXSourcesBuildPhase;
			buildActionMask = 2147483647;
			files = (
				8147E2E921E4E62600A7FF82 /* LearnViewUITests.m in Sources */,
			);
			runOnlyForDeploymentPostprocessing = 0;
		};
/* End PBXSourcesBuildPhase section */

/* Begin PBXTargetDependency section */
		8147E2DB21E4E62600A7FF82 /* PBXTargetDependency */ = {
			isa = PBXTargetDependency;
			target = 8147E2C021E4E62600A7FF82 /* LearnView */;
			targetProxy = 8147E2DA21E4E62600A7FF82 /* PBXContainerItemProxy */;
		};
		8147E2E621E4E62600A7FF82 /* PBXTargetDependency */ = {
			isa = PBXTargetDependency;
			target = 8147E2C021E4E62600A7FF82 /* LearnView */;
			targetProxy = 8147E2E521E4E62600A7FF82 /* PBXContainerItemProxy */;
		};
/* End PBXTargetDependency section */

/* Begin PBXVariantGroup section */
		8147E2CA21E4E62600A7FF82 /* Main.storyboard */ = {
			isa = PBXVariantGroup;
			children = (
				8147E2CB21E4E62600A7FF82 /* Base */,
			);
			name = Main.storyboard;
			sourceTree = "<group>";
		};
		8147E2CF21E4E62600A7FF82 /* LaunchScreen.storyboard */ = {
			isa = PBXVariantGroup;
			children = (
				8147E2D021E4E62600A7FF82 /* Base */,
			);
			name = LaunchScreen.storyboard;
			sourceTree = "<group>";
		};
/* End PBXVariantGroup section */

/* Begin XCBuildConfiguration section */
		8147E2EB21E4E62600A7FF82 /* Debug */ = {
			isa = XCBuildConfiguration;
			buildSettings = {
				ALWAYS_SEARCH_USER_PATHS = NO;
				CLANG_ANALYZER_NONNULL = YES;
				CLANG_ANALYZER_NUMBER_OBJECT_CONVERSION = YES_AGGRESSIVE;
				CLANG_CXX_LANGUAGE_STANDARD = "gnu++14";
				CLANG_CXX_LIBRARY = "libc++";
				CLANG_ENABLE_MODULES = YES;
				CLANG_ENABLE_OBJC_ARC = YES;
				CLANG_WARN_BLOCK_CAPTURE_AUTORELEASING = YES;
				CLANG_WARN_BOOL_CONVERSION = YES;
				CLANG_WARN_COMMA = YES;
				CLANG_WARN_CONSTANT_CONVERSION = YES;
				CLANG_WARN_DIRECT_OBJC_ISA_USAGE = YES_ERROR;
				CLANG_WARN_DOCUMENTATION_COMMENTS = YES;
				CLANG_WARN_EMPTY_BODY = YES;
				CLANG_WARN_ENUM_CONVERSION = YES;
				CLANG_WARN_INFINITE_RECURSION = YES;
				CLANG_WARN_INT_CONVERSION = YES;
				CLANG_WARN_NON_LITERAL_NULL_CONVERSION = YES;
				CLANG_WARN_OBJC_LITERAL_CONVERSION = YES;
				CLANG_WARN_OBJC_ROOT_CLASS = YES_ERROR;
				CLANG_WARN_RANGE_LOOP_ANALYSIS = YES;
				CLANG_WARN_STRICT_PROTOTYPES = YES;
				CLANG_WARN_SUSPICIOUS_MOVE = YES;
				CLANG_WARN_UNGUARDED_AVAILABILITY = YES_AGGRESSIVE;
				CLANG_WARN_UNREACHABLE_CODE = YES;
				CLANG_WARN__DUPLICATE_METHOD_MATCH = YES;
				CODE_SIGN_IDENTITY = "iPhone Developer";
				COPY_PHASE_STRIP = NO;
				DEBUG_INFORMATION_FORMAT = dwarf;
				ENABLE_STRICT_OBJC_MSGSEND = YES;
				ENABLE_TESTABILITY = YES;
				GCC_C_LANGUAGE_STANDARD = gnu11;
				GCC_DYNAMIC_NO_PIC = NO;
				GCC_NO_COMMON_BLOCKS = YES;
				GCC_OPTIMIZATION_LEVEL = 0;
				GCC_PREPROCESSOR_DEFINITIONS = (
					"DEBUG=1",
					"$(inherited)",
				);
				GCC_WARN_64_TO_32_BIT_CONVERSION = YES;
				GCC_WARN_ABOUT_RETURN_TYPE = YES_ERROR;
				GCC_WARN_UNDECLARED_SELECTOR = YES;
				GCC_WARN_UNINITIALIZED_AUTOS = YES_AGGRESSIVE;
				GCC_WARN_UNUSED_FUNCTION = YES;
				GCC_WARN_UNUSED_VARIABLE = YES;
				IPHONEOS_DEPLOYMENT_TARGET = 11.2;
				MTL_ENABLE_DEBUG_INFO = YES;
				ONLY_ACTIVE_ARCH = YES;
				SDKROOT = iphoneos;
			};
			name = Debug;
		};
		8147E2EC21E4E62600A7FF82 /* Release */ = {
			isa = XCBuildConfiguration;
			buildSettings = {
				ALWAYS_SEARCH_USER_PATHS = NO;
				CLANG_ANALYZER_NONNULL = YES;
				CLANG_ANALYZER_NUMBER_OBJECT_CONVERSION = YES_AGGRESSIVE;
				CLANG_CXX_LANGUAGE_STANDARD = "gnu++14";
				CLANG_CXX_LIBRARY = "libc++";
				CLANG_ENABLE_MODULES = YES;
				CLANG_ENABLE_OBJC_ARC = YES;
				CLANG_WARN_BLOCK_CAPTURE_AUTORELEASING = YES;
				CLANG_WARN_BOOL_CONVERSION = YES;
				CLANG_WARN_COMMA = YES;
				CLANG_WARN_CONSTANT_CONVERSION = YES;
				CLANG_WARN_DIRECT_OBJC_ISA_USAGE = YES_ERROR;
				CLANG_WARN_DOCUMENTATION_COMMENTS = YES;
				CLANG_WARN_EMPTY_BODY = YES;
				CLANG_WARN_ENUM_CONVERSION = YES;
				CLANG_WARN_INFINITE_RECURSION = YES;
				CLANG_WARN_INT_CONVERSION = YES;
				CLANG_WARN_NON_LITERAL_NULL_CONVERSION = YES;
				CLANG_WARN_OBJC_LITERAL_CONVERSION = YES;
				CLANG_WARN_OBJC_ROOT_CLASS = YES_ERROR;
				CLANG_WARN_RANGE_LOOP_ANALYSIS = YES;
				CLANG_WARN_STRICT_PROTOTYPES = YES;
				CLANG_WARN_SUSPICIOUS_MOVE = YES;
				CLANG_WARN_UNGUARDED_AVAILABILITY = YES_AGGRESSIVE;
				CLANG_WARN_UNREACHABLE_CODE = YES;
				CLANG_WARN__DUPLICATE_METHOD_MATCH = YES;
				CODE_SIGN_IDENTITY = "iPhone Developer";
				COPY_PHASE_STRIP = NO;
				DEBUG_INFORMATION_FORMAT = "dwarf-with-dsym";
				ENABLE_NS_ASSERTIONS = NO;
				ENABLE_STRICT_OBJC_MSGSEND = YES;
				GCC_C_LANGUAGE_STANDARD = gnu11;
				GCC_NO_COMMON_BLOCKS = YES;
				GCC_WARN_64_TO_32_BIT_CONVERSION = YES;
				GCC_WARN_ABOUT_RETURN_TYPE = YES_ERROR;
				GCC_WARN_UNDECLARED_SELECTOR = YES;
				GCC_WARN_UNINITIALIZED_AUTOS = YES_AGGRESSIVE;
				GCC_WARN_UNUSED_FUNCTION = YES;
				GCC_WARN_UNUSED_VARIABLE = YES;
				IPHONEOS_DEPLOYMENT_TARGET = 11.2;
				MTL_ENABLE_DEBUG_INFO = NO;
				SDKROOT = iphoneos;
				VALIDATE_PRODUCT = YES;
			};
			name = Release;
		};
		8147E2EE21E4E62600A7FF82 /* Debug */ = {
			isa = XCBuildConfiguration;
			buildSettings = {
				ASSETCATALOG_COMPILER_APPICON_NAME = AppIcon;
				CODE_SIGN_STYLE = Automatic;
				INFOPLIST_FILE = LearnView/Info.plist;
				LD_RUNPATH_SEARCH_PATHS = "$(inherited) @executable_path/Frameworks";
				PRODUCT_BUNDLE_IDENTIFIER = ht.LearnView;
				PRODUCT_NAME = "$(TARGET_NAME)";
				TARGETED_DEVICE_FAMILY = "1,2";
			};
			name = Debug;
		};
		8147E2EF21E4E62600A7FF82 /* Release */ = {
			isa = XCBuildConfiguration;
			buildSettings = {
				ASSETCATALOG_COMPILER_APPICON_NAME = AppIcon;
				CODE_SIGN_STYLE = Automatic;
				INFOPLIST_FILE = LearnView/Info.plist;
				LD_RUNPATH_SEARCH_PATHS = "$(inherited) @executable_path/Frameworks";
				PRODUCT_BUNDLE_IDENTIFIER = ht.LearnView;
				PRODUCT_NAME = "$(TARGET_NAME)";
				TARGETED_DEVICE_FAMILY = "1,2";
			};
			name = Release;
		};
		8147E2F121E4E62600A7FF82 /* Debug */ = {
			isa = XCBuildConfiguration;
			buildSettings = {
				BUNDLE_LOADER = "$(TEST_HOST)";
				CODE_SIGN_STYLE = Automatic;
				INFOPLIST_FILE = LearnViewTests/Info.plist;
				LD_RUNPATH_SEARCH_PATHS = "$(inherited) @executable_path/Frameworks @loader_path/Frameworks";
				PRODUCT_BUNDLE_IDENTIFIER = ht.LearnViewTests;
				PRODUCT_NAME = "$(TARGET_NAME)";
				TARGETED_DEVICE_FAMILY = "1,2";
				TEST_HOST = "$(BUILT_PRODUCTS_DIR)/LearnView.app/LearnView";
			};
			name = Debug;
		};
		8147E2F221E4E62600A7FF82 /* Release */ = {
			isa = XCBuildConfiguration;
			buildSettings = {
				BUNDLE_LOADER = "$(TEST_HOST)";
				CODE_SIGN_STYLE = Automatic;
				INFOPLIST_FILE = LearnViewTests/Info.plist;
				LD_RUNPATH_SEARCH_PATHS = "$(inherited) @executable_path/Frameworks @loader_path/Frameworks";
				PRODUCT_BUNDLE_IDENTIFIER = ht.LearnViewTests;
				PRODUCT_NAME = "$(TARGET_NAME)";
				TARGETED_DEVICE_FAMILY = "1,2";
				TEST_HOST = "$(BUILT_PRODUCTS_DIR)/LearnView.app/LearnView";
			};
			name = Release;
		};
		8147E2F421E4E62600A7FF82 /* Debug */ = {
			isa = XCBuildConfiguration;
			buildSettings = {
				CODE_SIGN_STYLE = Automatic;
				INFOPLIST_FILE = LearnViewUITests/Info.plist;
				LD_RUNPATH_SEARCH_PATHS = "$(inherited) @executable_path/Frameworks @loader_path/Frameworks";
				PRODUCT_BUNDLE_IDENTIFIER = ht.LearnViewUITests;
				PRODUCT_NAME = "$(TARGET_NAME)";
				TARGETED_DEVICE_FAMILY = "1,2";
				TEST_TARGET_NAME = LearnView;
			};
			name = Debug;
		};
		8147E2F521E4E62600A7FF82 /* Release */ = {
			isa = XCBuildConfiguration;
			buildSettings = {
				CODE_SIGN_STYLE = Automatic;
				INFOPLIST_FILE = LearnViewUITests/Info.plist;
				LD_RUNPATH_SEARCH_PATHS = "$(inherited) @executable_path/Frameworks @loader_path/Frameworks";
				PRODUCT_BUNDLE_IDENTIFIER = ht.LearnViewUITests;
				PRODUCT_NAME = "$(TARGET_NAME)";
				TARGETED_DEVICE_FAMILY = "1,2";
				TEST_TARGET_NAME = LearnView;
			};
			name = Release;
		};
/* End XCBuildConfiguration section */

/* Begin XCConfigurationList section */
		8147E2BC21E4E62600A7FF82 /* Build configuration list for PBXProject "LearnView" */ = {
			isa = XCConfigurationList;
			buildConfigurations = (
				8147E2EB21E4E62600A7FF82 /* Debug */,
				8147E2EC21E4E62600A7FF82 /* Release */,
			);
			defaultConfigurationIsVisible = 0;
			defaultConfigurationName = Release;
		};
		8147E2ED21E4E62600A7FF82 /* Build configuration list for PBXNativeTarget "LearnView" */ = {
			isa = XCConfigurationList;
			buildConfigurations = (
				8147E2EE21E4E62600A7FF82 /* Debug */,
				8147E2EF21E4E62600A7FF82 /* Release */,
			);
			defaultConfigurationIsVisible = 0;
			defaultConfigurationName = Release;
		};
		8147E2F021E4E62600A7FF82 /* Build configuration list for PBXNativeTarget "LearnViewTests" */ = {
			isa = XCConfigurationList;
			buildConfigurations = (
				8147E2F121E4E62600A7FF82 /* Debug */,
				8147E2F221E4E62600A7FF82 /* Release */,
			);
			defaultConfigurationIsVisible = 0;
			defaultConfigurationName = Release;
		};
		8147E2F321E4E62600A7FF82 /* Build configuration list for PBXNativeTarget "LearnViewUITests" */ = {
			isa = XCConfigurationList;
			buildConfigurations = (
				8147E2F421E4E62600A7FF82 /* Debug */,
				8147E2F521E4E62600A7FF82 /* Release */,
			);
			defaultConfigurationIsVisible = 0;
			defaultConfigurationName = Release;
		};
/* End XCConfigurationList section */
	};
	rootObject = 8147E2B921E4E62600A7FF82 /* Project object */;
}
